
Microsoft Visual Studio Solution File, Format Version 11.00
# Visual Studio 2010
Project("{FAE04EC0-301F-11D3-BF4B-00C04F79EFBC}") = "Assembly-CSharp", "Assembly-CSharp.csproj", "{11F8728E-BB95-8FB2-09A0-82A39C5D8A5B}"
EndProject
Project("{FAE04EC0-301F-11D3-BF4B-00C04F79EFBC}") = "Assembly-CSharp-Editor", "Assembly-CSharp-Editor.csproj", "{CA771AC2-C1A8-F994-7889-65FE740E8AE2}"
EndProject
Global
	GlobalSection(SolutionConfigurationPlatforms) = preSolution
		Debug|Any CPU = Debug|Any CPU
		Release|Any CPU = Release|Any CPU
	EndGlobalSection
	GlobalSection(ProjectConfigurationPlatforms) = postSolution
		{11F8728E-BB95-8FB2-09A0-82A39C5D8A5B}.Debug|Any CPU.ActiveCfg = Debug|Any CPU
		{11F8728E-BB95-8FB2-09A0-82A39C5D8A5B}.Debug|Any CPU.Build.0 = Debug|Any CPU
		{11F8728E-BB95-8FB2-09A0-82A39C5D8A5B}.Release|Any CPU.ActiveCfg = Release|Any CPU
		{11F8728E-BB95-8FB2-09A0-82A39C5D8A5B}.Release|Any CPU.Build.0 = Release|Any CPU
		{CA771AC2-C1A8-F994-7889-65FE740E8AE2}.Debug|Any CPU.ActiveCfg = Debug|Any CPU
		{CA771AC2-C1A8-F994-7889-65FE740E8AE2}.Debug|Any CPU.Build.0 = Debug|Any CPU
		{CA771AC2-C1A8-F994-7889-65FE740E8AE2}.Release|Any CPU.ActiveCfg = Release|Any CPU
		{CA771AC2-C1A8-F994-7889-65FE740E8AE2}.Release|Any CPU.Build.0 = Release|Any CPU
	EndGlobalSection
	GlobalSection(SolutionProperties) = preSolution
		HideSolutionNode = FALSE
	EndGlobalSection
EndGlobal
